
Microsoft Visual Studio Solution File, Format Version 11.00
# Visual C# Express 2010
Project("{FAE04EC0-301F-11D3-BF4B-00C04F79EFBC}") = "ScreenshotSaver", "ScreenshotSaver\ScreenshotSaver.csproj", "{F17B98D3-8161-4A5A-85EC-789C6F78DE07}"
EndProject
Global
	GlobalSection(SolutionConfigurationPlatforms) = preSolution
		Debug|x86 = Debug|x86
		Release|x86 = Release|x86
	EndGlobalSection
	GlobalSection(ProjectConfigurationPlatforms) = postSolution
		{F17B98D3-8161-4A5A-85EC-789C6F78DE07}.Debug|x86.ActiveCfg = Debug|x86
		{F17B98D3-8161-4A5A-85EC-789C6F78DE07}.Debug|x86.Build.0 = Debug|x86
		{F17B98D3-8161-4A5A-85EC-789C6F78DE07}.Release|x86.ActiveCfg = Release|x86
		{F17B98D3-8161-4A5A-85EC-789C6F78DE07}.Release|x86.Build.0 = Release|x86
	EndGlobalSection
	GlobalSection(SolutionProperties) = preSolution
		HideSolutionNode = FALSE
	EndGlobalSection
EndGlobal
